<?xml version="1.0" encoding="UTF-8" standalone="yes" ?>
<CodeBlocks_project_file>
	<FileVersion major="1" minor="6" />
	<Project>
		<Option title="bcm63xx-phone-test" />
		<Option pch_mode="2" />
		<Option compiler="gcc" />
		<Build>
			<Target title="Debug">
				<Option output="bin/Debug/bcm63xx-phone-test" prefix_auto="1" extension_auto="1" />
				<Option object_output="obj/Debug/" />
				<Option type="1" />
				<Option compiler="gcc" />
				<Option parameters="test=decode_mpi line0=1 codec0=slin use_16bits=1 line1=0 codec1=slin default_line=0 input=/home/projects/openwrt/git/14.07/custom-feed/bcm63xx-phone/src/phone/zarlink/le88221/mpi.trace" />
				<Compiler>
					<Add option="-g" />
				</Compiler>
			</Target>
		</Build>
		<Compiler>
			<Add option="-Wnon-virtual-dtor" />
			<Add option="-Wshadow" />
			<Add option="-Winit-self" />
			<Add option="-Wredundant-decls" />
			<Add option="-Wcast-align" />
			<Add option="-Wundef" />
			<Add option="-Wfloat-equal" />
			<Add option="-Winline" />
			<Add option="-Wunreachable-code" />
			<Add option="-Wmissing-declarations" />
			<Add option="-Wmissing-include-dirs" />
			<Add option="-Wswitch-enum" />
			<Add option="-Wswitch-default" />
			<Add option="-Wextra" />
			<Add option="-Wall" />
			<Add option="-DBCMPH_NOHW" />
			<Add directory="../bcm63xx-phone/src/inc" />
			<Add directory="../bcm63xx-phone/src/extern/zarlink/arch/bcm63xx" />
			<Add directory="../bcm63xx-phone/src/extern/zarlink/2.24.0.lite/api_lib/includes" />
			<Add directory="../bcm63xx-phone/src/extern/zarlink/2.24.0.lite/api_lib/vp880_api" />
		</Compiler>
		<Unit filename="src/main.c">
			<Option compilerVar="CC" />
		</Unit>
		<Extensions>
			<code_completion />
			<envvars />
			<lib_finder disable_auto="1" />
			<debugger />
		</Extensions>
	</Project>
</CodeBlocks_project_file>
